
Microsoft Visual Studio Solution File, Format Version 12.00
# Visual Studio Version 17
VisualStudioVersion = 17.6.33829.357
MinimumVisualStudioVersion = 10.0.40219.1
Project("{9A19103F-16F7-4668-BE54-9A1E7A4F7556}") = "M01_Grundlagen", "Grundlagen\M01_Grundlagen.csproj", "{97FC7A61-AD37-439C-9D28-CE0A3BC99A26}"
EndProject
Project("{9A19103F-16F7-4668-BE54-9A1E7A4F7556}") = "M02_Controls", "Controls\M02_Controls.csproj", "{9A5FFFD9-3CF1-47BA-B856-FE98EB39D229}"
EndProject
Project("{9A19103F-16F7-4668-BE54-9A1E7A4F7556}") = "Personendatenbank", "Personendatenbank\Personendatenbank.csproj", "{1E2E7862-9BDA-4C71-97A5-F4941602CCB3}"
EndProject
Project("{9A19103F-16F7-4668-BE54-9A1E7A4F7556}") = "M03_Container", "Container\M03_Container.csproj", "{31C309A0-35B1-4DFF-9863-445A203829EC}"
EndProject
Project("{9A19103F-16F7-4668-BE54-9A1E7A4F7556}") = "M04_EventRouting", "EventRouting\M04_EventRouting.csproj", "{E1793E5C-120B-4AFE-B96C-23986871949C}"
EndProject
Project("{9A19103F-16F7-4668-BE54-9A1E7A4F7556}") = "M05_PropertyBinding", "PropertyBinding\M05_PropertyBinding.csproj", "{806DEA15-B0D6-46DF-8284-446DE96EBAD0}"
EndProject
Project("{9A19103F-16F7-4668-BE54-9A1E7A4F7556}") = "ColorPicker", "ColorPicker\ColorPicker.csproj", "{0A009786-8CB8-47C0-B58A-F18783CAF8B0}"
EndProject
Project("{9A19103F-16F7-4668-BE54-9A1E7A4F7556}") = "M06_DataBinding", "DataBinding\M06_DataBinding.csproj", "{E811CAE6-6A10-4D06-89A7-62ABDD41B1F7}"
EndProject
Project("{9A19103F-16F7-4668-BE54-9A1E7A4F7556}") = "M07_Resources_Styles", "Resources_Styles\M07_Resources_Styles.csproj", "{88805015-8656-45A5-9E08-A1DE91A5941F}"
EndProject
Project("{9A19103F-16F7-4668-BE54-9A1E7A4F7556}") = "M08_Templates", "Templates\M08_Templates.csproj", "{4A2C1AD9-0F85-4DF1-AD1C-A93AF0F6BBE6}"
EndProject
Project("{FAE04EC0-301F-11D3-BF4B-00C04F79EFBC}") = "M09_Validation", "Validation\M09_Validation.csproj", "{097DC112-58CD-4B5E-9FC2-83080B8C2CF4}"
EndProject
Global
	GlobalSection(SolutionConfigurationPlatforms) = preSolution
		Debug|Any CPU = Debug|Any CPU
		Release|Any CPU = Release|Any CPU
	EndGlobalSection
	GlobalSection(ProjectConfigurationPlatforms) = postSolution
		{97FC7A61-AD37-439C-9D28-CE0A3BC99A26}.Debug|Any CPU.ActiveCfg = Debug|Any CPU
		{97FC7A61-AD37-439C-9D28-CE0A3BC99A26}.Debug|Any CPU.Build.0 = Debug|Any CPU
		{97FC7A61-AD37-439C-9D28-CE0A3BC99A26}.Release|Any CPU.ActiveCfg = Release|Any CPU
		{97FC7A61-AD37-439C-9D28-CE0A3BC99A26}.Release|Any CPU.Build.0 = Release|Any CPU
		{9A5FFFD9-3CF1-47BA-B856-FE98EB39D229}.Debug|Any CPU.ActiveCfg = Debug|Any CPU
		{9A5FFFD9-3CF1-47BA-B856-FE98EB39D229}.Debug|Any CPU.Build.0 = Debug|Any CPU
		{9A5FFFD9-3CF1-47BA-B856-FE98EB39D229}.Release|Any CPU.ActiveCfg = Release|Any CPU
		{9A5FFFD9-3CF1-47BA-B856-FE98EB39D229}.Release|Any CPU.Build.0 = Release|Any CPU
		{1E2E7862-9BDA-4C71-97A5-F4941602CCB3}.Debug|Any CPU.ActiveCfg = Debug|Any CPU
		{1E2E7862-9BDA-4C71-97A5-F4941602CCB3}.Debug|Any CPU.Build.0 = Debug|Any CPU
		{1E2E7862-9BDA-4C71-97A5-F4941602CCB3}.Release|Any CPU.ActiveCfg = Release|Any CPU
		{1E2E7862-9BDA-4C71-97A5-F4941602CCB3}.Release|Any CPU.Build.0 = Release|Any CPU
		{31C309A0-35B1-4DFF-9863-445A203829EC}.Debug|Any CPU.ActiveCfg = Debug|Any CPU
		{31C309A0-35B1-4DFF-9863-445A203829EC}.Debug|Any CPU.Build.0 = Debug|Any CPU
		{31C309A0-35B1-4DFF-9863-445A203829EC}.Release|Any CPU.ActiveCfg = Release|Any CPU
		{31C309A0-35B1-4DFF-9863-445A203829EC}.Release|Any CPU.Build.0 = Release|Any CPU
		{E1793E5C-120B-4AFE-B96C-23986871949C}.Debug|Any CPU.ActiveCfg = Debug|Any CPU
		{E1793E5C-120B-4AFE-B96C-23986871949C}.Debug|Any CPU.Build.0 = Debug|Any CPU
		{E1793E5C-120B-4AFE-B96C-23986871949C}.Release|Any CPU.ActiveCfg = Release|Any CPU
		{E1793E5C-120B-4AFE-B96C-23986871949C}.Release|Any CPU.Build.0 = Release|Any CPU
		{806DEA15-B0D6-46DF-8284-446DE96EBAD0}.Debug|Any CPU.ActiveCfg = Debug|Any CPU
		{806DEA15-B0D6-46DF-8284-446DE96EBAD0}.Debug|Any CPU.Build.0 = Debug|Any CPU
		{806DEA15-B0D6-46DF-8284-446DE96EBAD0}.Release|Any CPU.ActiveCfg = Release|Any CPU
		{806DEA15-B0D6-46DF-8284-446DE96EBAD0}.Release|Any CPU.Build.0 = Release|Any CPU
		{0A009786-8CB8-47C0-B58A-F18783CAF8B0}.Debug|Any CPU.ActiveCfg = Debug|Any CPU
		{0A009786-8CB8-47C0-B58A-F18783CAF8B0}.Debug|Any CPU.Build.0 = Debug|Any CPU
		{0A009786-8CB8-47C0-B58A-F18783CAF8B0}.Release|Any CPU.ActiveCfg = Release|Any CPU
		{0A009786-8CB8-47C0-B58A-F18783CAF8B0}.Release|Any CPU.Build.0 = Release|Any CPU
		{E811CAE6-6A10-4D06-89A7-62ABDD41B1F7}.Debug|Any CPU.ActiveCfg = Debug|Any CPU
		{E811CAE6-6A10-4D06-89A7-62ABDD41B1F7}.Debug|Any CPU.Build.0 = Debug|Any CPU
		{E811CAE6-6A10-4D06-89A7-62ABDD41B1F7}.Release|Any CPU.ActiveCfg = Release|Any CPU
		{E811CAE6-6A10-4D06-89A7-62ABDD41B1F7}.Release|Any CPU.Build.0 = Release|Any CPU
		{88805015-8656-45A5-9E08-A1DE91A5941F}.Debug|Any CPU.ActiveCfg = Debug|Any CPU
		{88805015-8656-45A5-9E08-A1DE91A5941F}.Debug|Any CPU.Build.0 = Debug|Any CPU
		{88805015-8656-45A5-9E08-A1DE91A5941F}.Release|Any CPU.ActiveCfg = Release|Any CPU
		{88805015-8656-45A5-9E08-A1DE91A5941F}.Release|Any CPU.Build.0 = Release|Any CPU
		{4A2C1AD9-0F85-4DF1-AD1C-A93AF0F6BBE6}.Debug|Any CPU.ActiveCfg = Debug|Any CPU
		{4A2C1AD9-0F85-4DF1-AD1C-A93AF0F6BBE6}.Debug|Any CPU.Build.0 = Debug|Any CPU
		{4A2C1AD9-0F85-4DF1-AD1C-A93AF0F6BBE6}.Release|Any CPU.ActiveCfg = Release|Any CPU
		{4A2C1AD9-0F85-4DF1-AD1C-A93AF0F6BBE6}.Release|Any CPU.Build.0 = Release|Any CPU
		{097DC112-58CD-4B5E-9FC2-83080B8C2CF4}.Debug|Any CPU.ActiveCfg = Debug|Any CPU
		{097DC112-58CD-4B5E-9FC2-83080B8C2CF4}.Debug|Any CPU.Build.0 = Debug|Any CPU
		{097DC112-58CD-4B5E-9FC2-83080B8C2CF4}.Release|Any CPU.ActiveCfg = Release|Any CPU
		{097DC112-58CD-4B5E-9FC2-83080B8C2CF4}.Release|Any CPU.Build.0 = Release|Any CPU
	EndGlobalSection
	GlobalSection(SolutionProperties) = preSolution
		HideSolutionNode = FALSE
	EndGlobalSection
	GlobalSection(ExtensibilityGlobals) = postSolution
		SolutionGuid = {BE85E231-C3A7-4351-A869-F6AF5B8BE56B}
	EndGlobalSection
EndGlobal
